// !$*UTF8*$!
{
	archiveVersion = 1;
	classes = {
	};
	objectVersion = 48;
	objects = {

/* Begin PBXBuildFile section */
		7FA0DBC61F99F50800530BC7 /* AppDelegate.swift in Sources */ = {isa = PBXBuildFile; fileRef = 7FA0DBC51F99F50800530BC7 /* AppDelegate.swift */; };
		7FA0DBC81F99F50800530BC7 /* ViewController.swift in Sources */ = {isa = PBXBuildFile; fileRef = 7FA0DBC71F99F50800530BC7 /* ViewController.swift */; };
		7FA0DBCB1F99F50800530BC7 /* Main.storyboard in Resources */ = {isa = PBXBuildFile; fileRef = 7FA0DBC91F99F50800530BC7 /* Main.storyboard */; };
		7FA0DBCD1F99F50800530BC7 /* Assets.xcassets in Resources */ = {isa = PBXBuildFile; fileRef = 7FA0DBCC1F99F50800530BC7 /* Assets.xcassets */; };
		7FA0DBD01F99F50800530BC7 /* LaunchScreen.storyboard in Resources */ = {isa = PBXBuildFile; fileRef = 7FA0DBCE1F99F50800530BC7 /* LaunchScreen.storyboard */; };
		7FA0DBF51F99F87D00530BC7 /* SDWebImage.framework in Frameworks */ = {isa = PBXBuildFile; fileRef = 7FA0DBE61F99F6CE00530BC7 /* SDWebImage.framework */; };
		7FA0DBF61F99F87D00530BC7 /* SDWebImage.framework in Embed Frameworks */ = {isa = PBXBuildFile; fileRef = 7FA0DBE61F99F6CE00530BC7 /* SDWebImage.framework */; settings = {ATTRIBUTES = (CodeSignOnCopy, RemoveHeadersOnCopy, ); }; };
/* End PBXBuildFile section */

/* Begin PBXContainerItemProxy section */
		7FA0DBE11F99F6CE00530BC7 /* PBXContainerItemProxy */ = {
			isa = PBXContainerItemProxy;
			containerPortal = 7FA0DBD81F99F6CE00530BC7 /* SDWebImage.xcodeproj */;
			proxyType = 2;
			remoteGlobalIDString = 53761325155AD0D5005750A4;
			remoteInfo = "SDWebImage iOS static";
		};
		7FA0DBE31F99F6CE00530BC7 /* PBXContainerItemProxy */ = {
			isa = PBXContainerItemProxy;
			containerPortal = 7FA0DBD81F99F6CE00530BC7 /* SDWebImage.xcodeproj */;
			proxyType = 2;
			remoteGlobalIDString = 4314D1991D0E0E3B004B36C9;
			remoteInfo = "SDWebImage watchOS static";
		};
		7FA0DBE51F99F6CE00530BC7 /* PBXContainerItemProxy */ = {
			isa = PBXContainerItemProxy;
			containerPortal = 7FA0DBD81F99F6CE00530BC7 /* SDWebImage.xcodeproj */;
			proxyType = 2;
			remoteGlobalIDString = 4A2CADFF1AB4BB5300B6BC39;
			remoteInfo = "SDWebImage iOS";
		};
		7FA0DBE71F99F6CE00530BC7 /* PBXContainerItemProxy */ = {
			isa = PBXContainerItemProxy;
			containerPortal = 7FA0DBD81F99F6CE00530BC7 /* SDWebImage.xcodeproj */;
			proxyType = 2;
			remoteGlobalIDString = 00733A4C1BC487C000A5A117;
			remoteInfo = "SDWebImage tvOS";
		};
		7FA0DBE91F99F6CE00530BC7 /* PBXContainerItemProxy */ = {
			isa = PBXContainerItemProxy;
			containerPortal = 7FA0DBD81F99F6CE00530BC7 /* SDWebImage.xcodeproj */;
			proxyType = 2;
			remoteGlobalIDString = 431BB7031D06D2C1006A3455;
			remoteInfo = "SDWebImage watchOS";
		};
		7FA0DBEB1F99F6CE00530BC7 /* PBXContainerItemProxy */ = {
			isa = PBXContainerItemProxy;
			containerPortal = 7FA0DBD81F99F6CE00530BC7 /* SDWebImage.xcodeproj */;
			proxyType = 2;
			remoteGlobalIDString = 4397D2F21D0DDD8C00BB2784;
			remoteInfo = "SDWebImage OSX";
		};
		7FA0DBF71F99F87D00530BC7 /* PBXContainerItemProxy */ = {
			isa = PBXContainerItemProxy;
			containerPortal = 7FA0DBD81F99F6CE00530BC7 /* SDWebImage.xcodeproj */;
			proxyType = 1;
			remoteGlobalIDString = 4A2CADFE1AB4BB5300B6BC39;
			remoteInfo = "SDWebImage iOS";
		};
/* End PBXContainerItemProxy section */

/* Begin PBXCopyFilesBuildPhase section */
		7FA0DBF91F99F87D00530BC7 /* Embed Frameworks */ = {
			isa = PBXCopyFilesBuildPhase;
			buildActionMask = 2147483647;
			dstPath = "";
			dstSubfolderSpec = 10;
			files = (
				7FA0DBF61F99F87D00530BC7 /* SDWebImage.framework in Embed Frameworks */,
			);
			name = "Embed Frameworks";
			runOnlyForDeploymentPostprocessing = 0;
		};
/* End PBXCopyFilesBuildPhase section */

/* Begin PBXFileReference section */
		7FA0DBC21F99F50800530BC7 /* TestProject.app */ = {isa = PBXFileReference; explicitFileType = wrapper.application; includeInIndex = 0; path = TestProject.app; sourceTree = BUILT_PRODUCTS_DIR; };
		7FA0DBC51F99F50800530BC7 /* AppDelegate.swift */ = {isa = PBXFileReference; lastKnownFileType = sourcecode.swift; path = AppDelegate.swift; sourceTree = "<group>"; };
		7FA0DBC71F99F50800530BC7 /* ViewController.swift */ = {isa = PBXFileReference; lastKnownFileType = sourcecode.swift; path = ViewController.swift; sourceTree = "<group>"; };
		7FA0DBCA1F99F50800530BC7 /* Base */ = {isa = PBXFileReference; lastKnownFileType = file.storyboard; name = Base; path = Base.lproj/Main.storyboard; sourceTree = "<group>"; };
		7FA0DBCC1F99F50800530BC7 /* Assets.xcassets */ = {isa = PBXFileReference; lastKnownFileType = folder.assetcatalog; path = Assets.xcassets; sourceTree = "<group>"; };
		7FA0DBCF1F99F50800530BC7 /* Base */ = {isa = PBXFileReference; lastKnownFileType = file.storyboard; name = Base; path = Base.lproj/LaunchScreen.storyboard; sourceTree = "<group>"; };
		7FA0DBD11F99F50800530BC7 /* Info.plist */ = {isa = PBXFileReference; lastKnownFileType = text.plist.xml; path = Info.plist; sourceTree = "<group>"; };
		7FA0DBD81F99F6CE00530BC7 /* SDWebImage.xcodeproj */ = {isa = PBXFileReference; lastKnownFileType = "wrapper.pb-project"; name = SDWebImage.xcodeproj; path = TestProject/Vendor/SDWebImage/SDWebImage.xcodeproj; sourceTree = SOURCE_ROOT; };
		7FA0DBF41F99F86300530BC7 /* Project-Bridging-Header.h */ = {isa = PBXFileReference; lastKnownFileType = sourcecode.c.h; path = "Project-Bridging-Header.h"; sourceTree = "<group>"; };
/* End PBXFileReference section */

/* Begin PBXFrameworksBuildPhase section */
		7FA0DBBF1F99F50800530BC7 /* Frameworks */ = {
			isa = PBXFrameworksBuildPhase;
			buildActionMask = 2147483647;
			files = (
				7FA0DBF51F99F87D00530BC7 /* SDWebImage.framework in Frameworks */,
			);
			runOnlyForDeploymentPostprocessing = 0;
		};
/* End PBXFrameworksBuildPhase section */

/* Begin PBXGroup section */
		7FA0DBB91F99F50800530BC7 = {
			isa = PBXGroup;
			children = (
				7FA0DBC41F99F50800530BC7 /* TestProject */,
				7FA0DBC31F99F50800530BC7 /* Products */,
			);
			sourceTree = "<group>";
		};
		7FA0DBC31F99F50800530BC7 /* Products */ = {
			isa = PBXGroup;
			children = (
				7FA0DBC21F99F50800530BC7 /* TestProject.app */,
			);
			name = Products;
			sourceTree = "<group>";
		};
		7FA0DBC41F99F50800530BC7 /* TestProject */ = {
			isa = PBXGroup;
			children = (
				7FA0DBD71F99F67E00530BC7 /* Vendor */,
				7FA0DBC51F99F50800530BC7 /* AppDelegate.swift */,
				7FA0DBC71F99F50800530BC7 /* ViewController.swift */,
				7FA0DBC91F99F50800530BC7 /* Main.storyboard */,
				7FA0DBCC1F99F50800530BC7 /* Assets.xcassets */,
				7FA0DBCE1F99F50800530BC7 /* LaunchScreen.storyboard */,
				7FA0DBD11F99F50800530BC7 /* Info.plist */,
				7FA0DBF41F99F86300530BC7 /* Project-Bridging-Header.h */,
			);
			path = TestProject;
			sourceTree = "<group>";
		};
		7FA0DBD71F99F67E00530BC7 /* Vendor */ = {
			isa = PBXGroup;
			children = (
				7FA0DBD81F99F6CE00530BC7 /* SDWebImage.xcodeproj */,
			);
			name = Vendor;
			path = "New Group";
			sourceTree = "<group>";
		};
		7FA0DBD91F99F6CE00530BC7 /* Products */ = {
			isa = PBXGroup;
			children = (
				7FA0DBE21F99F6CE00530BC7 /* libSDWebImage iOS static.a */,
				7FA0DBE41F99F6CE00530BC7 /* libSDWebImage watchOS static.a */,
				7FA0DBE61F99F6CE00530BC7 /* SDWebImage.framework */,
				7FA0DBE81F99F6CE00530BC7 /* SDWebImage.framework */,
				7FA0DBEA1F99F6CE00530BC7 /* SDWebImage.framework */,
				7FA0DBEC1F99F6CE00530BC7 /* SDWebImage.framework */,
			);
			name = Products;
			sourceTree = "<group>";
		};
/* End PBXGroup section */

/* Begin PBXNativeTarget section */
		7FA0DBC11F99F50800530BC7 /* TestProject */ = {
			isa = PBXNativeTarget;
			buildConfigurationList = 7FA0DBD41F99F50800530BC7 /* Build configuration list for PBXNativeTarget "TestProject" */;
			buildPhases = (
				7FA0DBBE1F99F50800530BC7 /* Sources */,
				7FA0DBBF1F99F50800530BC7 /* Frameworks */,
				7FA0DBC01F99F50800530BC7 /* Resources */,
				7FA0DBF91F99F87D00530BC7 /* Embed Frameworks */,
			);
			buildRules = (
			);
			dependencies = (
				7FA0DBF81F99F87D00530BC7 /* PBXTargetDependency */,
			);
			name = TestProject;
			productName = TestProject;
			productReference = 7FA0DBC21F99F50800530BC7 /* TestProject.app */;
			productType = "com.apple.product-type.application";
		};
/* End PBXNativeTarget section */

/* Begin PBXProject section */
		7FA0DBBA1F99F50800530BC7 /* Project object */ = {
			isa = PBXProject;
			attributes = {
				LastSwiftUpdateCheck = 0900;
				LastUpgradeCheck = 0900;
				ORGANIZATIONNAME = "Chanho Park";
				TargetAttributes = {
					7FA0DBC11F99F50800530BC7 = {
						CreatedOnToolsVersion = 9.0.1;
						ProvisioningStyle = Automatic;
					};
				};
			};
			buildConfigurationList = 7FA0DBBD1F99F50800530BC7 /* Build configuration list for PBXProject "TestProject" */;
			compatibilityVersion = "Xcode 8.0";
			developmentRegion = en;
			hasScannedForEncodings = 0;
			knownRegions = (
				en,
				Base,
			);
			mainGroup = 7FA0DBB91F99F50800530BC7;
			productRefGroup = 7FA0DBC31F99F50800530BC7 /* Products */;
			projectDirPath = "";
			projectReferences = (
				{
					ProductGroup = 7FA0DBD91F99F6CE00530BC7 /* Products */;
					ProjectRef = 7FA0DBD81F99F6CE00530BC7 /* SDWebImage.xcodeproj */;
				},
			);
			projectRoot = "";
			targets = (
				7FA0DBC11F99F50800530BC7 /* TestProject */,
			);
		};
/* End PBXProject section */

/* Begin PBXReferenceProxy section */
		7FA0DBE21F99F6CE00530BC7 /* libSDWebImage iOS static.a */ = {
			isa = PBXReferenceProxy;
			fileType = archive.ar;
			path = "libSDWebImage iOS static.a";
			remoteRef = 7FA0DBE11F99F6CE00530BC7 /* PBXContainerItemProxy */;
			sourceTree = BUILT_PRODUCTS_DIR;
		};
		7FA0DBE41F99F6CE00530BC7 /* libSDWebImage watchOS static.a */ = {
			isa = PBXReferenceProxy;
			fileType = archive.ar;
			path = "libSDWebImage watchOS static.a";
			remoteRef = 7FA0DBE31F99F6CE00530BC7 /* PBXContainerItemProxy */;
			sourceTree = BUILT_PRODUCTS_DIR;
		};
		7FA0DBE61F99F6CE00530BC7 /* SDWebImage.framework */ = {
			isa = PBXReferenceProxy;
			fileType = wrapper.framework;
			path = SDWebImage.framework;
			remoteRef = 7FA0DBE51F99F6CE00530BC7 /* PBXContainerItemProxy */;
			sourceTree = BUILT_PRODUCTS_DIR;
		};
		7FA0DBE81F99F6CE00530BC7 /* SDWebImage.framework */ = {
			isa = PBXReferenceProxy;
			fileType = wrapper.framework;
			path = SDWebImage.framework;
			remoteRef = 7FA0DBE71F99F6CE00530BC7 /* PBXContainerItemProxy */;
			sourceTree = BUILT_PRODUCTS_DIR;
		};
		7FA0DBEA1F99F6CE00530BC7 /* SDWebImage.framework */ = {
			isa = PBXReferenceProxy;
			fileType = wrapper.framework;
			path = SDWebImage.framework;
			remoteRef = 7FA0DBE91F99F6CE00530BC7 /* PBXContainerItemProxy */;
			sourceTree = BUILT_PRODUCTS_DIR;
		};
		7FA0DBEC1F99F6CE00530BC7 /* SDWebImage.framework */ = {
			isa = PBXReferenceProxy;
			fileType = wrapper.framework;
			path = SDWebImage.framework;
			remoteRef = 7FA0DBEB1F99F6CE00530BC7 /* PBXContainerItemProxy */;
			sourceTree = BUILT_PRODUCTS_DIR;
		};
/* End PBXReferenceProxy section */

/* Begin PBXResourcesBuildPhase section */
		7FA0DBC01F99F50800530BC7 /* Resources */ = {
			isa = PBXResourcesBuildPhase;
			buildActionMask = 2147483647;
			files = (
				7FA0DBD01F99F50800530BC7 /* LaunchScreen.storyboard in Resources */,
				7FA0DBCD1F99F50800530BC7 /* Assets.xcassets in Resources */,
				7FA0DBCB1F99F50800530BC7 /* Main.storyboard in Resources */,
			);
			runOnlyForDeploymentPostprocessing = 0;
		};
/* End PBXResourcesBuildPhase section */

/* Begin PBXSourcesBuildPhase section */
		7FA0DBBE1F99F50800530BC7 /* Sources */ = {
			isa = PBXSourcesBuildPhase;
			buildActionMask = 2147483647;
			files = (
				7FA0DBC81F99F50800530BC7 /* ViewController.swift in Sources */,
				7FA0DBC61F99F50800530BC7 /* AppDelegate.swift in Sources */,
			);
			runOnlyForDeploymentPostprocessing = 0;
		};
/* End PBXSourcesBuildPhase section */

/* Begin PBXTargetDependency section */
		7FA0DBF81F99F87D00530BC7 /* PBXTargetDependency */ = {
			isa = PBXTargetDependency;
			name = "SDWebImage iOS";
			targetProxy = 7FA0DBF71F99F87D00530BC7 /* PBXContainerItemProxy */;
		};
/* End PBXTargetDependency section */

/* Begin PBXVariantGroup section */
		7FA0DBC91F99F50800530BC7 /* Main.storyboard */ = {
			isa = PBXVariantGroup;
			children = (
				7FA0DBCA1F99F50800530BC7 /* Base */,
			);
			name = Main.storyboard;
			sourceTree = "<group>";
		};
		7FA0DBCE1F99F50800530BC7 /* LaunchScreen.storyboard */ = {
			isa = PBXVariantGroup;
			children = (
				7FA0DBCF1F99F50800530BC7 /* Base */,
			);
			name = LaunchScreen.storyboard;
			sourceTree = "<group>";
		};
/* End PBXVariantGroup section */

/* Begin XCBuildConfiguration section */
		7FA0DBD21F99F50800530BC7 /* Debug */ = {
			isa = XCBuildConfiguration;
			buildSettings = {
				ALWAYS_SEARCH_USER_PATHS = NO;
				CLANG_ANALYZER_NONNULL = YES;
				CLANG_ANALYZER_NUMBER_OBJECT_CONVERSION = YES_AGGRESSIVE;
				CLANG_CXX_LANGUAGE_STANDARD = "gnu++14";
				CLANG_CXX_LIBRARY = "libc++";
				CLANG_ENABLE_MODULES = YES;
				CLANG_ENABLE_OBJC_ARC = YES;
				CLANG_WARN_BLOCK_CAPTURE_AUTORELEASING = YES;
				CLANG_WARN_BOOL_CONVERSION = YES;
				CLANG_WARN_COMMA = YES;
				CLANG_WARN_CONSTANT_CONVERSION = YES;
				CLANG_WARN_DIRECT_OBJC_ISA_USAGE = YES_ERROR;
				CLANG_WARN_DOCUMENTATION_COMMENTS = YES;
				CLANG_WARN_EMPTY_BODY = YES;
				CLANG_WARN_ENUM_CONVERSION = YES;
				CLANG_WARN_INFINITE_RECURSION = YES;
				CLANG_WARN_INT_CONVERSION = YES;
				CLANG_WARN_NON_LITERAL_NULL_CONVERSION = YES;
				CLANG_WARN_OBJC_LITERAL_CONVERSION = YES;
				CLANG_WARN_OBJC_ROOT_CLASS = YES_ERROR;
				CLANG_WARN_RANGE_LOOP_ANALYSIS = YES;
				CLANG_WARN_STRICT_PROTOTYPES = YES;
				CLANG_WARN_SUSPICIOUS_MOVE = YES;
				CLANG_WARN_UNGUARDED_AVAILABILITY = YES_AGGRESSIVE;
				CLANG_WARN_UNREACHABLE_CODE = YES;
				CLANG_WARN__DUPLICATE_METHOD_MATCH = YES;
				CODE_SIGN_IDENTITY = "iPhone Developer";
				COPY_PHASE_STRIP = NO;
				DEBUG_INFORMATION_FORMAT = dwarf;
				ENABLE_STRICT_OBJC_MSGSEND = YES;
				ENABLE_TESTABILITY = YES;
				GCC_C_LANGUAGE_STANDARD = gnu11;
				GCC_DYNAMIC_NO_PIC = NO;
				GCC_NO_COMMON_BLOCKS = YES;
				GCC_OPTIMIZATION_LEVEL = 0;
				GCC_PREPROCESSOR_DEFINITIONS = (
					"DEBUG=1",
					"$(inherited)",
				);
				GCC_WARN_64_TO_32_BIT_CONVERSION = YES;
				GCC_WARN_ABOUT_RETURN_TYPE = YES_ERROR;
				GCC_WARN_UNDECLARED_SELECTOR = YES;
				GCC_WARN_UNINITIALIZED_AUTOS = YES_AGGRESSIVE;
				GCC_WARN_UNUSED_FUNCTION = YES;
				GCC_WARN_UNUSED_VARIABLE = YES;
				IPHONEOS_DEPLOYMENT_TARGET = 11.0;
				MTL_ENABLE_DEBUG_INFO = YES;
				ONLY_ACTIVE_ARCH = YES;
				SDKROOT = iphoneos;
				SWIFT_ACTIVE_COMPILATION_CONDITIONS = DEBUG;
				SWIFT_OPTIMIZATION_LEVEL = "-Onone";
			};
			name = Debug;
		};
		7FA0DBD31F99F50800530BC7 /* Release */ = {
			isa = XCBuildConfiguration;
			buildSettings = {
				ALWAYS_SEARCH_USER_PATHS = NO;
				CLANG_ANALYZER_NONNULL = YES;
				CLANG_ANALYZER_NUMBER_OBJECT_CONVERSION = YES_AGGRESSIVE;
				CLANG_CXX_LANGUAGE_STANDARD = "gnu++14";
				CLANG_CXX_LIBRARY = "libc++";
				CLANG_ENABLE_MODULES = YES;
				CLANG_ENABLE_OBJC_ARC = YES;
				CLANG_WARN_BLOCK_CAPTURE_AUTORELEASING = YES;
				CLANG_WARN_BOOL_CONVERSION = YES;
				CLANG_WARN_COMMA = YES;
				CLANG_WARN_CONSTANT_CONVERSION = YES;
				CLANG_WARN_DIRECT_OBJC_ISA_USAGE = YES_ERROR;
				CLANG_WARN_DOCUMENTATION_COMMENTS = YES;
				CLANG_WARN_EMPTY_BODY = YES;
				CLANG_WARN_ENUM_CONVERSION = YES;
				CLANG_WARN_INFINITE_RECURSION = YES;
				CLANG_WARN_INT_CONVERSION = YES;
				CLANG_WARN_NON_LITERAL_NULL_CONVERSION = YES;
				CLANG_WARN_OBJC_LITERAL_CONVERSION = YES;
				CLANG_WARN_OBJC_ROOT_CLASS = YES_ERROR;
				CLANG_WARN_RANGE_LOOP_ANALYSIS = YES;
				CLANG_WARN_STRICT_PROTOTYPES = YES;
				CLANG_WARN_SUSPICIOUS_MOVE = YES;
				CLANG_WARN_UNGUARDED_AVAILABILITY = YES_AGGRESSIVE;
				CLANG_WARN_UNREACHABLE_CODE = YES;
				CLANG_WARN__DUPLICATE_METHOD_MATCH = YES;
				CODE_SIGN_IDENTITY = "iPhone Developer";
				COPY_PHASE_STRIP = NO;
				DEBUG_INFORMATION_FORMAT = "dwarf-with-dsym";
				ENABLE_NS_ASSERTIONS = NO;
				ENABLE_STRICT_OBJC_MSGSEND = YES;
				GCC_C_LANGUAGE_STANDARD = gnu11;
				GCC_NO_COMMON_BLOCKS = YES;
				GCC_WARN_64_TO_32_BIT_CONVERSION = YES;
				GCC_WARN_ABOUT_RETURN_TYPE = YES_ERROR;
				GCC_WARN_UNDECLARED_SELECTOR = YES;
				GCC_WARN_UNINITIALIZED_AUTOS = YES_AGGRESSIVE;
				GCC_WARN_UNUSED_FUNCTION = YES;
				GCC_WARN_UNUSED_VARIABLE = YES;
				IPHONEOS_DEPLOYMENT_TARGET = 11.0;
				MTL_ENABLE_DEBUG_INFO = NO;
				SDKROOT = iphoneos;
				SWIFT_OPTIMIZATION_LEVEL = "-Owholemodule";
				VALIDATE_PRODUCT = YES;
			};
			name = Release;
		};
		7FA0DBD51F99F50800530BC7 /* Debug */ = {
			isa = XCBuildConfiguration;
			buildSettings = {
				ASSETCATALOG_COMPILER_APPICON_NAME = AppIcon;
				CODE_SIGN_STYLE = Automatic;
				DEVELOPMENT_TEAM = 9H2N5MANM3;
				INFOPLIST_FILE = TestProject/Info.plist;
				LD_RUNPATH_SEARCH_PATHS = "$(inherited) @executable_path/Frameworks";
				PRODUCT_BUNDLE_IDENTIFIER = com.pch.TestProject;
				PRODUCT_NAME = "$(TARGET_NAME)";
				SWIFT_OBJC_BRIDGING_HEADER = "Project-Bridging-Header.h";
				SWIFT_VERSION = 4.0;
				TARGETED_DEVICE_FAMILY = "1,2";
			};
			name = Debug;
		};
		7FA0DBD61F99F50800530BC7 /* Release */ = {
			isa = XCBuildConfiguration;
			buildSettings = {
				ASSETCATALOG_COMPILER_APPICON_NAME = AppIcon;
				CODE_SIGN_STYLE = Automatic;
				DEVELOPMENT_TEAM = 9H2N5MANM3;
				INFOPLIST_FILE = TestProject/Info.plist;
				LD_RUNPATH_SEARCH_PATHS = "$(inherited) @executable_path/Frameworks";
				PRODUCT_BUNDLE_IDENTIFIER = com.pch.TestProject;
				PRODUCT_NAME = "$(TARGET_NAME)";
				SWIFT_OBJC_BRIDGING_HEADER = "Project-Bridging-Header.h";
				SWIFT_VERSION = 4.0;
				TARGETED_DEVICE_FAMILY = "1,2";
			};
			name = Release;
		};
/* End XCBuildConfiguration section */

/* Begin XCConfigurationList section */
		7FA0DBBD1F99F50800530BC7 /* Build configuration list for PBXProject "TestProject" */ = {
			isa = XCConfigurationList;
			buildConfigurations = (
				7FA0DBD21F99F50800530BC7 /* Debug */,
				7FA0DBD31F99F50800530BC7 /* Release */,
			);
			defaultConfigurationIsVisible = 0;
			defaultConfigurationName = Release;
		};
		7FA0DBD41F99F50800530BC7 /* Build configuration list for PBXNativeTarget "TestProject" */ = {
			isa = XCConfigurationList;
			buildConfigurations = (
				7FA0DBD51F99F50800530BC7 /* Debug */,
				7FA0DBD61F99F50800530BC7 /* Release */,
			);
			defaultConfigurationIsVisible = 0;
			defaultConfigurationName = Release;
		};
/* End XCConfigurationList section */
	};
	rootObject = 7FA0DBBA1F99F50800530BC7 /* Project object */;
}
